
Microsoft Visual Studio Solution File, Format Version 12.00
# Visual Studio Version 16
VisualStudioVersion = 16.0.31410.357
MinimumVisualStudioVersion = 10.0.40219.1
Project("{FAE04EC0-301F-11D3-BF4B-00C04F79EFBC}") = "TimeKeeper.Data", "TimeKeeper.Data\TimeKeeper.Data.csproj", "{960933B6-FA69-490D-AEB0-60789A1EFEB7}"
EndProject
Project("{FAE04EC0-301F-11D3-BF4B-00C04F79EFBC}") = "TimeKeeper.Application", "TimeKeeper.Application\TimeKeeper.Application.csproj", "{3F4D693F-B8A4-41B4-BEB2-4D583FE63172}"
EndProject
Project("{FAE04EC0-301F-11D3-BF4B-00C04F79EFBC}") = "TimeKeeper.BackendAPI", "TimeKeeper.BackendAPI\TimeKeeper.BackendAPI.csproj", "{3344C537-7A61-417A-B619-C0A28A118C82}"
EndProject
Project("{FAE04EC0-301F-11D3-BF4B-00C04F79EFBC}") = "TimeKeeper.WebApp", "TimeKeeper.WebApp\TimeKeeper.WebApp.csproj", "{5B05F638-5BB8-40D3-98F7-5DA0C63F86C2}"
EndProject
Global
	GlobalSection(SolutionConfigurationPlatforms) = preSolution
		Debug|Any CPU = Debug|Any CPU
		Release|Any CPU = Release|Any CPU
	EndGlobalSection
	GlobalSection(ProjectConfigurationPlatforms) = postSolution
		{960933B6-FA69-490D-AEB0-60789A1EFEB7}.Debug|Any CPU.ActiveCfg = Debug|Any CPU
		{960933B6-FA69-490D-AEB0-60789A1EFEB7}.Debug|Any CPU.Build.0 = Debug|Any CPU
		{960933B6-FA69-490D-AEB0-60789A1EFEB7}.Release|Any CPU.ActiveCfg = Release|Any CPU
		{960933B6-FA69-490D-AEB0-60789A1EFEB7}.Release|Any CPU.Build.0 = Release|Any CPU
		{3F4D693F-B8A4-41B4-BEB2-4D583FE63172}.Debug|Any CPU.ActiveCfg = Debug|Any CPU
		{3F4D693F-B8A4-41B4-BEB2-4D583FE63172}.Debug|Any CPU.Build.0 = Debug|Any CPU
		{3F4D693F-B8A4-41B4-BEB2-4D583FE63172}.Release|Any CPU.ActiveCfg = Release|Any CPU
		{3F4D693F-B8A4-41B4-BEB2-4D583FE63172}.Release|Any CPU.Build.0 = Release|Any CPU
		{3344C537-7A61-417A-B619-C0A28A118C82}.Debug|Any CPU.ActiveCfg = Debug|Any CPU
		{3344C537-7A61-417A-B619-C0A28A118C82}.Debug|Any CPU.Build.0 = Debug|Any CPU
		{3344C537-7A61-417A-B619-C0A28A118C82}.Release|Any CPU.ActiveCfg = Release|Any CPU
		{3344C537-7A61-417A-B619-C0A28A118C82}.Release|Any CPU.Build.0 = Release|Any CPU
		{5B05F638-5BB8-40D3-98F7-5DA0C63F86C2}.Debug|Any CPU.ActiveCfg = Debug|Any CPU
		{5B05F638-5BB8-40D3-98F7-5DA0C63F86C2}.Debug|Any CPU.Build.0 = Debug|Any CPU
		{5B05F638-5BB8-40D3-98F7-5DA0C63F86C2}.Release|Any CPU.ActiveCfg = Release|Any CPU
		{5B05F638-5BB8-40D3-98F7-5DA0C63F86C2}.Release|Any CPU.Build.0 = Release|Any CPU
	EndGlobalSection
	GlobalSection(SolutionProperties) = preSolution
		HideSolutionNode = FALSE
	EndGlobalSection
	GlobalSection(ExtensibilityGlobals) = postSolution
		SolutionGuid = {5913067F-A63B-4431-9A1C-DBEC571E165E}
	EndGlobalSection
EndGlobal
